
Microsoft Visual Studio Solution File, Format Version 12.00
# Visual Studio Version 17
VisualStudioVersion = 17.5.33516.290
MinimumVisualStudioVersion = 10.0.40219.1
Project("{9A19103F-16F7-4668-BE54-9A1E7A4F7556}") = "Module16.Tests", "Module16.Tests\Module16.Tests.csproj", "{CA815E29-9804-4433-BE21-A71EEE923BB0}"
EndProject
Project("{9A19103F-16F7-4668-BE54-9A1E7A4F7556}") = "Module16.Application", "Module16.Application\Module16.Application.csproj", "{D9A4D3F2-1FC4-41C5-855E-1E7C03A92FDC}"
EndProject
Global
	GlobalSection(SolutionConfigurationPlatforms) = preSolution
		Debug|Any CPU = Debug|Any CPU
		Release|Any CPU = Release|Any CPU
	EndGlobalSection
	GlobalSection(ProjectConfigurationPlatforms) = postSolution
		{CA815E29-9804-4433-BE21-A71EEE923BB0}.Debug|Any CPU.ActiveCfg = Debug|Any CPU
		{CA815E29-9804-4433-BE21-A71EEE923BB0}.Debug|Any CPU.Build.0 = Debug|Any CPU
		{CA815E29-9804-4433-BE21-A71EEE923BB0}.Release|Any CPU.ActiveCfg = Release|Any CPU
		{CA815E29-9804-4433-BE21-A71EEE923BB0}.Release|Any CPU.Build.0 = Release|Any CPU
		{D9A4D3F2-1FC4-41C5-855E-1E7C03A92FDC}.Debug|Any CPU.ActiveCfg = Debug|Any CPU
		{D9A4D3F2-1FC4-41C5-855E-1E7C03A92FDC}.Debug|Any CPU.Build.0 = Debug|Any CPU
		{D9A4D3F2-1FC4-41C5-855E-1E7C03A92FDC}.Release|Any CPU.ActiveCfg = Release|Any CPU
		{D9A4D3F2-1FC4-41C5-855E-1E7C03A92FDC}.Release|Any CPU.Build.0 = Release|Any CPU
	EndGlobalSection
	GlobalSection(SolutionProperties) = preSolution
		HideSolutionNode = FALSE
	EndGlobalSection
	GlobalSection(ExtensibilityGlobals) = postSolution
		SolutionGuid = {13AE14AB-692A-421C-89BE-018E27A0CDD2}
	EndGlobalSection
EndGlobal
